
Microsoft Visual Studio Solution File, Format Version 12.00
# Visual Studio 15
VisualStudioVersion = 15.0.26730.15
MinimumVisualStudioVersion = 10.0.40219.1
Project("{FAE04EC0-301F-11D3-BF4B-00C04F79EFBC}") = "Day26.Core", "Day26.Core\Day26.Core.csproj", "{C3393391-88D9-4352-83BC-D340A4F64606}"
EndProject
Project("{FAE04EC0-301F-11D3-BF4B-00C04F79EFBC}") = "Day26.Droid", "Day26.Droid\Day26.Droid.csproj", "{934CA30B-E8C1-431E-BCF7-8B5A0B881904}"
EndProject
Global
	GlobalSection(SolutionConfigurationPlatforms) = preSolution
		Debug|Any CPU = Debug|Any CPU
		Release|Any CPU = Release|Any CPU
	EndGlobalSection
	GlobalSection(ProjectConfigurationPlatforms) = postSolution
		{C3393391-88D9-4352-83BC-D340A4F64606}.Debug|Any CPU.ActiveCfg = Debug|Any CPU
		{C3393391-88D9-4352-83BC-D340A4F64606}.Debug|Any CPU.Build.0 = Debug|Any CPU
		{C3393391-88D9-4352-83BC-D340A4F64606}.Release|Any CPU.ActiveCfg = Release|Any CPU
		{C3393391-88D9-4352-83BC-D340A4F64606}.Release|Any CPU.Build.0 = Release|Any CPU
		{934CA30B-E8C1-431E-BCF7-8B5A0B881904}.Debug|Any CPU.ActiveCfg = Debug|Any CPU
		{934CA30B-E8C1-431E-BCF7-8B5A0B881904}.Debug|Any CPU.Build.0 = Debug|Any CPU
		{934CA30B-E8C1-431E-BCF7-8B5A0B881904}.Debug|Any CPU.Deploy.0 = Debug|Any CPU
		{934CA30B-E8C1-431E-BCF7-8B5A0B881904}.Release|Any CPU.ActiveCfg = Release|Any CPU
		{934CA30B-E8C1-431E-BCF7-8B5A0B881904}.Release|Any CPU.Build.0 = Release|Any CPU
		{934CA30B-E8C1-431E-BCF7-8B5A0B881904}.Release|Any CPU.Deploy.0 = Release|Any CPU
	EndGlobalSection
	GlobalSection(SolutionProperties) = preSolution
		HideSolutionNode = FALSE
	EndGlobalSection
	GlobalSection(ExtensibilityGlobals) = postSolution
		SolutionGuid = {D780377F-05A5-4E72-A9AE-C5844470E850}
	EndGlobalSection
EndGlobal
