
Microsoft Visual Studio Solution File, Format Version 12.00
# Visual Studio 14
VisualStudioVersion = 14.0.25420.1
MinimumVisualStudioVersion = 10.0.40219.1
Project("{FAE04EC0-301F-11D3-BF4B-00C04F79EFBC}") = "Day17.Core", "Day17.Core\Day17.Core.csproj", "{2BB1BD66-7DA3-4B6B-B395-8960C8295699}"
EndProject
Project("{FAE04EC0-301F-11D3-BF4B-00C04F79EFBC}") = "Day17.Android", "Day17.Android\Day17.Android.csproj", "{74C716C9-D993-447B-A69B-8D9A03E124BE}"
EndProject
Project("{FAE04EC0-301F-11D3-BF4B-00C04F79EFBC}") = "Day17.IOS", "Day17.IOS\Day17.IOS.csproj", "{C408D6D5-CFA0-4082-A56F-F07173DE2EB8}"
EndProject
Global
	GlobalSection(SolutionConfigurationPlatforms) = preSolution
		Ad-Hoc|Any CPU = Ad-Hoc|Any CPU
		Ad-Hoc|ARM = Ad-Hoc|ARM
		Ad-Hoc|iPhone = Ad-Hoc|iPhone
		Ad-Hoc|iPhoneSimulator = Ad-Hoc|iPhoneSimulator
		Ad-Hoc|x64 = Ad-Hoc|x64
		Ad-Hoc|x86 = Ad-Hoc|x86
		AppStore|Any CPU = AppStore|Any CPU
		AppStore|ARM = AppStore|ARM
		AppStore|iPhone = AppStore|iPhone
		AppStore|iPhoneSimulator = AppStore|iPhoneSimulator
		AppStore|x64 = AppStore|x64
		AppStore|x86 = AppStore|x86
		Debug|Any CPU = Debug|Any CPU
		Debug|ARM = Debug|ARM
		Debug|iPhone = Debug|iPhone
		Debug|iPhoneSimulator = Debug|iPhoneSimulator
		Debug|x64 = Debug|x64
		Debug|x86 = Debug|x86
		Release|Any CPU = Release|Any CPU
		Release|ARM = Release|ARM
		Release|iPhone = Release|iPhone
		Release|iPhoneSimulator = Release|iPhoneSimulator
		Release|x64 = Release|x64
		Release|x86 = Release|x86
	EndGlobalSection
	GlobalSection(ProjectConfigurationPlatforms) = postSolution
		{2BB1BD66-7DA3-4B6B-B395-8960C8295699}.Ad-Hoc|Any CPU.ActiveCfg = Release|Any CPU
		{2BB1BD66-7DA3-4B6B-B395-8960C8295699}.Ad-Hoc|Any CPU.Build.0 = Release|Any CPU
		{2BB1BD66-7DA3-4B6B-B395-8960C8295699}.Ad-Hoc|ARM.ActiveCfg = Release|Any CPU
		{2BB1BD66-7DA3-4B6B-B395-8960C8295699}.Ad-Hoc|ARM.Build.0 = Release|Any CPU
		{2BB1BD66-7DA3-4B6B-B395-8960C8295699}.Ad-Hoc|iPhone.ActiveCfg = Release|Any CPU
		{2BB1BD66-7DA3-4B6B-B395-8960C8295699}.Ad-Hoc|iPhone.Build.0 = Release|Any CPU
		{2BB1BD66-7DA3-4B6B-B395-8960C8295699}.Ad-Hoc|iPhoneSimulator.ActiveCfg = Release|Any CPU
		{2BB1BD66-7DA3-4B6B-B395-8960C8295699}.Ad-Hoc|iPhoneSimulator.Build.0 = Release|Any CPU
		{2BB1BD66-7DA3-4B6B-B395-8960C8295699}.Ad-Hoc|x64.ActiveCfg = Release|Any CPU
		{2BB1BD66-7DA3-4B6B-B395-8960C8295699}.Ad-Hoc|x64.Build.0 = Release|Any CPU
		{2BB1BD66-7DA3-4B6B-B395-8960C8295699}.Ad-Hoc|x86.ActiveCfg = Release|Any CPU
		{2BB1BD66-7DA3-4B6B-B395-8960C8295699}.Ad-Hoc|x86.Build.0 = Release|Any CPU
		{2BB1BD66-7DA3-4B6B-B395-8960C8295699}.AppStore|Any CPU.ActiveCfg = Release|Any CPU
		{2BB1BD66-7DA3-4B6B-B395-8960C8295699}.AppStore|Any CPU.Build.0 = Release|Any CPU
		{2BB1BD66-7DA3-4B6B-B395-8960C8295699}.AppStore|ARM.ActiveCfg = Release|Any CPU
		{2BB1BD66-7DA3-4B6B-B395-8960C8295699}.AppStore|ARM.Build.0 = Release|Any CPU
		{2BB1BD66-7DA3-4B6B-B395-8960C8295699}.AppStore|iPhone.ActiveCfg = Release|Any CPU
		{2BB1BD66-7DA3-4B6B-B395-8960C8295699}.AppStore|iPhone.Build.0 = Release|Any CPU
		{2BB1BD66-7DA3-4B6B-B395-8960C8295699}.AppStore|iPhoneSimulator.ActiveCfg = Release|Any CPU
		{2BB1BD66-7DA3-4B6B-B395-8960C8295699}.AppStore|iPhoneSimulator.Build.0 = Release|Any CPU
		{2BB1BD66-7DA3-4B6B-B395-8960C8295699}.AppStore|x64.ActiveCfg = Release|Any CPU
		{2BB1BD66-7DA3-4B6B-B395-8960C8295699}.AppStore|x64.Build.0 = Release|Any CPU
		{2BB1BD66-7DA3-4B6B-B395-8960C8295699}.AppStore|x86.ActiveCfg = Release|Any CPU
		{2BB1BD66-7DA3-4B6B-B395-8960C8295699}.AppStore|x86.Build.0 = Release|Any CPU
		{2BB1BD66-7DA3-4B6B-B395-8960C8295699}.Debug|Any CPU.ActiveCfg = Debug|Any CPU
		{2BB1BD66-7DA3-4B6B-B395-8960C8295699}.Debug|Any CPU.Build.0 = Debug|Any CPU
		{2BB1BD66-7DA3-4B6B-B395-8960C8295699}.Debug|ARM.ActiveCfg = Debug|Any CPU
		{2BB1BD66-7DA3-4B6B-B395-8960C8295699}.Debug|ARM.Build.0 = Debug|Any CPU
		{2BB1BD66-7DA3-4B6B-B395-8960C8295699}.Debug|iPhone.ActiveCfg = Debug|Any CPU
		{2BB1BD66-7DA3-4B6B-B395-8960C8295699}.Debug|iPhone.Build.0 = Debug|Any CPU
		{2BB1BD66-7DA3-4B6B-B395-8960C8295699}.Debug|iPhoneSimulator.ActiveCfg = Debug|Any CPU
		{2BB1BD66-7DA3-4B6B-B395-8960C8295699}.Debug|iPhoneSimulator.Build.0 = Debug|Any CPU
		{2BB1BD66-7DA3-4B6B-B395-8960C8295699}.Debug|x64.ActiveCfg = Debug|Any CPU
		{2BB1BD66-7DA3-4B6B-B395-8960C8295699}.Debug|x64.Build.0 = Debug|Any CPU
		{2BB1BD66-7DA3-4B6B-B395-8960C8295699}.Debug|x86.ActiveCfg = Debug|Any CPU
		{2BB1BD66-7DA3-4B6B-B395-8960C8295699}.Debug|x86.Build.0 = Debug|Any CPU
		{2BB1BD66-7DA3-4B6B-B395-8960C8295699}.Release|Any CPU.ActiveCfg = Release|Any CPU
		{2BB1BD66-7DA3-4B6B-B395-8960C8295699}.Release|Any CPU.Build.0 = Release|Any CPU
		{2BB1BD66-7DA3-4B6B-B395-8960C8295699}.Release|ARM.ActiveCfg = Release|Any CPU
		{2BB1BD66-7DA3-4B6B-B395-8960C8295699}.Release|ARM.Build.0 = Release|Any CPU
		{2BB1BD66-7DA3-4B6B-B395-8960C8295699}.Release|iPhone.ActiveCfg = Release|Any CPU
		{2BB1BD66-7DA3-4B6B-B395-8960C8295699}.Release|iPhone.Build.0 = Release|Any CPU
		{2BB1BD66-7DA3-4B6B-B395-8960C8295699}.Release|iPhoneSimulator.ActiveCfg = Release|Any CPU
		{2BB1BD66-7DA3-4B6B-B395-8960C8295699}.Release|iPhoneSimulator.Build.0 = Release|Any CPU
		{2BB1BD66-7DA3-4B6B-B395-8960C8295699}.Release|x64.ActiveCfg = Release|Any CPU
		{2BB1BD66-7DA3-4B6B-B395-8960C8295699}.Release|x64.Build.0 = Release|Any CPU
		{2BB1BD66-7DA3-4B6B-B395-8960C8295699}.Release|x86.ActiveCfg = Release|Any CPU
		{2BB1BD66-7DA3-4B6B-B395-8960C8295699}.Release|x86.Build.0 = Release|Any CPU
		{74C716C9-D993-447B-A69B-8D9A03E124BE}.Ad-Hoc|Any CPU.ActiveCfg = Release|Any CPU
		{74C716C9-D993-447B-A69B-8D9A03E124BE}.Ad-Hoc|Any CPU.Build.0 = Release|Any CPU
		{74C716C9-D993-447B-A69B-8D9A03E124BE}.Ad-Hoc|Any CPU.Deploy.0 = Release|Any CPU
		{74C716C9-D993-447B-A69B-8D9A03E124BE}.Ad-Hoc|ARM.ActiveCfg = Release|Any CPU
		{74C716C9-D993-447B-A69B-8D9A03E124BE}.Ad-Hoc|ARM.Build.0 = Release|Any CPU
		{74C716C9-D993-447B-A69B-8D9A03E124BE}.Ad-Hoc|ARM.Deploy.0 = Release|Any CPU
		{74C716C9-D993-447B-A69B-8D9A03E124BE}.Ad-Hoc|iPhone.ActiveCfg = Release|Any CPU
		{74C716C9-D993-447B-A69B-8D9A03E124BE}.Ad-Hoc|iPhone.Build.0 = Release|Any CPU
		{74C716C9-D993-447B-A69B-8D9A03E124BE}.Ad-Hoc|iPhone.Deploy.0 = Release|Any CPU
		{74C716C9-D993-447B-A69B-8D9A03E124BE}.Ad-Hoc|iPhoneSimulator.ActiveCfg = Release|Any CPU
		{74C716C9-D993-447B-A69B-8D9A03E124BE}.Ad-Hoc|iPhoneSimulator.Build.0 = Release|Any CPU
		{74C716C9-D993-447B-A69B-8D9A03E124BE}.Ad-Hoc|iPhoneSimulator.Deploy.0 = Release|Any CPU
		{74C716C9-D993-447B-A69B-8D9A03E124BE}.Ad-Hoc|x64.ActiveCfg = Release|Any CPU
		{74C716C9-D993-447B-A69B-8D9A03E124BE}.Ad-Hoc|x64.Build.0 = Release|Any CPU
		{74C716C9-D993-447B-A69B-8D9A03E124BE}.Ad-Hoc|x64.Deploy.0 = Release|Any CPU
		{74C716C9-D993-447B-A69B-8D9A03E124BE}.Ad-Hoc|x86.ActiveCfg = Release|Any CPU
		{74C716C9-D993-447B-A69B-8D9A03E124BE}.Ad-Hoc|x86.Build.0 = Release|Any CPU
		{74C716C9-D993-447B-A69B-8D9A03E124BE}.Ad-Hoc|x86.Deploy.0 = Release|Any CPU
		{74C716C9-D993-447B-A69B-8D9A03E124BE}.AppStore|Any CPU.ActiveCfg = Release|Any CPU
		{74C716C9-D993-447B-A69B-8D9A03E124BE}.AppStore|Any CPU.Build.0 = Release|Any CPU
		{74C716C9-D993-447B-A69B-8D9A03E124BE}.AppStore|Any CPU.Deploy.0 = Release|Any CPU
		{74C716C9-D993-447B-A69B-8D9A03E124BE}.AppStore|ARM.ActiveCfg = Release|Any CPU
		{74C716C9-D993-447B-A69B-8D9A03E124BE}.AppStore|ARM.Build.0 = Release|Any CPU
		{74C716C9-D993-447B-A69B-8D9A03E124BE}.AppStore|ARM.Deploy.0 = Release|Any CPU
		{74C716C9-D993-447B-A69B-8D9A03E124BE}.AppStore|iPhone.ActiveCfg = Release|Any CPU
		{74C716C9-D993-447B-A69B-8D9A03E124BE}.AppStore|iPhone.Build.0 = Release|Any CPU
		{74C716C9-D993-447B-A69B-8D9A03E124BE}.AppStore|iPhone.Deploy.0 = Release|Any CPU
		{74C716C9-D993-447B-A69B-8D9A03E124BE}.AppStore|iPhoneSimulator.ActiveCfg = Release|Any CPU
		{74C716C9-D993-447B-A69B-8D9A03E124BE}.AppStore|iPhoneSimulator.Build.0 = Release|Any CPU
		{74C716C9-D993-447B-A69B-8D9A03E124BE}.AppStore|iPhoneSimulator.Deploy.0 = Release|Any CPU
		{74C716C9-D993-447B-A69B-8D9A03E124BE}.AppStore|x64.ActiveCfg = Release|Any CPU
		{74C716C9-D993-447B-A69B-8D9A03E124BE}.AppStore|x64.Build.0 = Release|Any CPU
		{74C716C9-D993-447B-A69B-8D9A03E124BE}.AppStore|x64.Deploy.0 = Release|Any CPU
		{74C716C9-D993-447B-A69B-8D9A03E124BE}.AppStore|x86.ActiveCfg = Release|Any CPU
		{74C716C9-D993-447B-A69B-8D9A03E124BE}.AppStore|x86.Build.0 = Release|Any CPU
		{74C716C9-D993-447B-A69B-8D9A03E124BE}.AppStore|x86.Deploy.0 = Release|Any CPU
		{74C716C9-D993-447B-A69B-8D9A03E124BE}.Debug|Any CPU.ActiveCfg = Debug|Any CPU
		{74C716C9-D993-447B-A69B-8D9A03E124BE}.Debug|Any CPU.Build.0 = Debug|Any CPU
		{74C716C9-D993-447B-A69B-8D9A03E124BE}.Debug|Any CPU.Deploy.0 = Debug|Any CPU
		{74C716C9-D993-447B-A69B-8D9A03E124BE}.Debug|ARM.ActiveCfg = Debug|Any CPU
		{74C716C9-D993-447B-A69B-8D9A03E124BE}.Debug|ARM.Build.0 = Debug|Any CPU
		{74C716C9-D993-447B-A69B-8D9A03E124BE}.Debug|ARM.Deploy.0 = Debug|Any CPU
		{74C716C9-D993-447B-A69B-8D9A03E124BE}.Debug|iPhone.ActiveCfg = Debug|Any CPU
		{74C716C9-D993-447B-A69B-8D9A03E124BE}.Debug|iPhoneSimulator.ActiveCfg = Debug|Any CPU
		{74C716C9-D993-447B-A69B-8D9A03E124BE}.Debug|iPhoneSimulator.Build.0 = Debug|Any CPU
		{74C716C9-D993-447B-A69B-8D9A03E124BE}.Debug|iPhoneSimulator.Deploy.0 = Debug|Any CPU
		{74C716C9-D993-447B-A69B-8D9A03E124BE}.Debug|x64.ActiveCfg = Debug|Any CPU
		{74C716C9-D993-447B-A69B-8D9A03E124BE}.Debug|x64.Build.0 = Debug|Any CPU
		{74C716C9-D993-447B-A69B-8D9A03E124BE}.Debug|x64.Deploy.0 = Debug|Any CPU
		{74C716C9-D993-447B-A69B-8D9A03E124BE}.Debug|x86.ActiveCfg = Debug|Any CPU
		{74C716C9-D993-447B-A69B-8D9A03E124BE}.Debug|x86.Build.0 = Debug|Any CPU
		{74C716C9-D993-447B-A69B-8D9A03E124BE}.Debug|x86.Deploy.0 = Debug|Any CPU
		{74C716C9-D993-447B-A69B-8D9A03E124BE}.Release|Any CPU.ActiveCfg = Release|Any CPU
		{74C716C9-D993-447B-A69B-8D9A03E124BE}.Release|Any CPU.Build.0 = Release|Any CPU
		{74C716C9-D993-447B-A69B-8D9A03E124BE}.Release|Any CPU.Deploy.0 = Release|Any CPU
		{74C716C9-D993-447B-A69B-8D9A03E124BE}.Release|ARM.ActiveCfg = Release|Any CPU
		{74C716C9-D993-447B-A69B-8D9A03E124BE}.Release|ARM.Build.0 = Release|Any CPU
		{74C716C9-D993-447B-A69B-8D9A03E124BE}.Release|ARM.Deploy.0 = Release|Any CPU
		{74C716C9-D993-447B-A69B-8D9A03E124BE}.Release|iPhone.ActiveCfg = Release|Any CPU
		{74C716C9-D993-447B-A69B-8D9A03E124BE}.Release|iPhone.Build.0 = Release|Any CPU
		{74C716C9-D993-447B-A69B-8D9A03E124BE}.Release|iPhone.Deploy.0 = Release|Any CPU
		{74C716C9-D993-447B-A69B-8D9A03E124BE}.Release|iPhoneSimulator.ActiveCfg = Release|Any CPU
		{74C716C9-D993-447B-A69B-8D9A03E124BE}.Release|iPhoneSimulator.Build.0 = Release|Any CPU
		{74C716C9-D993-447B-A69B-8D9A03E124BE}.Release|iPhoneSimulator.Deploy.0 = Release|Any CPU
		{74C716C9-D993-447B-A69B-8D9A03E124BE}.Release|x64.ActiveCfg = Release|Any CPU
		{74C716C9-D993-447B-A69B-8D9A03E124BE}.Release|x64.Build.0 = Release|Any CPU
		{74C716C9-D993-447B-A69B-8D9A03E124BE}.Release|x64.Deploy.0 = Release|Any CPU
		{74C716C9-D993-447B-A69B-8D9A03E124BE}.Release|x86.ActiveCfg = Release|Any CPU
		{74C716C9-D993-447B-A69B-8D9A03E124BE}.Release|x86.Build.0 = Release|Any CPU
		{74C716C9-D993-447B-A69B-8D9A03E124BE}.Release|x86.Deploy.0 = Release|Any CPU
		{C408D6D5-CFA0-4082-A56F-F07173DE2EB8}.Ad-Hoc|Any CPU.ActiveCfg = Ad-Hoc|iPhone
		{C408D6D5-CFA0-4082-A56F-F07173DE2EB8}.Ad-Hoc|ARM.ActiveCfg = Ad-Hoc|iPhone
		{C408D6D5-CFA0-4082-A56F-F07173DE2EB8}.Ad-Hoc|iPhone.ActiveCfg = Ad-Hoc|iPhone
		{C408D6D5-CFA0-4082-A56F-F07173DE2EB8}.Ad-Hoc|iPhone.Build.0 = Ad-Hoc|iPhone
		{C408D6D5-CFA0-4082-A56F-F07173DE2EB8}.Ad-Hoc|iPhoneSimulator.ActiveCfg = Ad-Hoc|iPhoneSimulator
		{C408D6D5-CFA0-4082-A56F-F07173DE2EB8}.Ad-Hoc|iPhoneSimulator.Build.0 = Ad-Hoc|iPhoneSimulator
		{C408D6D5-CFA0-4082-A56F-F07173DE2EB8}.Ad-Hoc|x64.ActiveCfg = Ad-Hoc|iPhone
		{C408D6D5-CFA0-4082-A56F-F07173DE2EB8}.Ad-Hoc|x86.ActiveCfg = Ad-Hoc|iPhone
		{C408D6D5-CFA0-4082-A56F-F07173DE2EB8}.AppStore|Any CPU.ActiveCfg = AppStore|iPhone
		{C408D6D5-CFA0-4082-A56F-F07173DE2EB8}.AppStore|ARM.ActiveCfg = AppStore|iPhone
		{C408D6D5-CFA0-4082-A56F-F07173DE2EB8}.AppStore|iPhone.ActiveCfg = AppStore|iPhone
		{C408D6D5-CFA0-4082-A56F-F07173DE2EB8}.AppStore|iPhone.Build.0 = AppStore|iPhone
		{C408D6D5-CFA0-4082-A56F-F07173DE2EB8}.AppStore|iPhoneSimulator.ActiveCfg = AppStore|iPhoneSimulator
		{C408D6D5-CFA0-4082-A56F-F07173DE2EB8}.AppStore|iPhoneSimulator.Build.0 = AppStore|iPhoneSimulator
		{C408D6D5-CFA0-4082-A56F-F07173DE2EB8}.AppStore|x64.ActiveCfg = AppStore|iPhone
		{C408D6D5-CFA0-4082-A56F-F07173DE2EB8}.AppStore|x86.ActiveCfg = AppStore|iPhone
		{C408D6D5-CFA0-4082-A56F-F07173DE2EB8}.Debug|Any CPU.ActiveCfg = Debug|iPhone
		{C408D6D5-CFA0-4082-A56F-F07173DE2EB8}.Debug|ARM.ActiveCfg = Debug|iPhone
		{C408D6D5-CFA0-4082-A56F-F07173DE2EB8}.Debug|iPhone.ActiveCfg = Debug|iPhone
		{C408D6D5-CFA0-4082-A56F-F07173DE2EB8}.Debug|iPhone.Build.0 = Debug|iPhone
		{C408D6D5-CFA0-4082-A56F-F07173DE2EB8}.Debug|iPhoneSimulator.ActiveCfg = Debug|iPhoneSimulator
		{C408D6D5-CFA0-4082-A56F-F07173DE2EB8}.Debug|iPhoneSimulator.Build.0 = Debug|iPhoneSimulator
		{C408D6D5-CFA0-4082-A56F-F07173DE2EB8}.Debug|x64.ActiveCfg = Debug|iPhone
		{C408D6D5-CFA0-4082-A56F-F07173DE2EB8}.Debug|x86.ActiveCfg = Debug|iPhone
		{C408D6D5-CFA0-4082-A56F-F07173DE2EB8}.Release|Any CPU.ActiveCfg = Release|iPhone
		{C408D6D5-CFA0-4082-A56F-F07173DE2EB8}.Release|ARM.ActiveCfg = Release|iPhone
		{C408D6D5-CFA0-4082-A56F-F07173DE2EB8}.Release|iPhone.ActiveCfg = Release|iPhone
		{C408D6D5-CFA0-4082-A56F-F07173DE2EB8}.Release|iPhone.Build.0 = Release|iPhone
		{C408D6D5-CFA0-4082-A56F-F07173DE2EB8}.Release|iPhoneSimulator.ActiveCfg = Release|iPhoneSimulator
		{C408D6D5-CFA0-4082-A56F-F07173DE2EB8}.Release|iPhoneSimulator.Build.0 = Release|iPhoneSimulator
		{C408D6D5-CFA0-4082-A56F-F07173DE2EB8}.Release|x64.ActiveCfg = Release|iPhone
		{C408D6D5-CFA0-4082-A56F-F07173DE2EB8}.Release|x86.ActiveCfg = Release|iPhone
	EndGlobalSection
	GlobalSection(SolutionProperties) = preSolution
		HideSolutionNode = FALSE
	EndGlobalSection
EndGlobal
