
Microsoft Visual Studio Solution File, Format Version 12.00
# Visual Studio 14
VisualStudioVersion = 14.0.25420.1
MinimumVisualStudioVersion = 10.0.40219.1
Project("{FAE04EC0-301F-11D3-BF4B-00C04F79EFBC}") = "Day04.Core", "Day04.Core\Day04.Core.csproj", "{34DCFCB1-973D-46D5-9D92-294417965B6F}"
EndProject
Project("{FAE04EC0-301F-11D3-BF4B-00C04F79EFBC}") = "Day04.Droid", "Day04.Droid\Day04.Droid.csproj", "{FC459F44-FD3C-491B-8D88-AA19D931EA26}"
EndProject
Project("{FAE04EC0-301F-11D3-BF4B-00C04F79EFBC}") = "Day04.IOS", "Day04.IOS\Day04.IOS.csproj", "{37EB6149-2C3C-426D-B79E-30D69DE03124}"
EndProject
Project("{FAE04EC0-301F-11D3-BF4B-00C04F79EFBC}") = "Day04.Universal", "Day04.Universal\Day04.Universal.csproj", "{9F705B7B-E38D-49CF-8504-FA19AD8795F9}"
EndProject
Global
	GlobalSection(SolutionConfigurationPlatforms) = preSolution
		Ad-Hoc|Any CPU = Ad-Hoc|Any CPU
		Ad-Hoc|ARM = Ad-Hoc|ARM
		Ad-Hoc|iPhone = Ad-Hoc|iPhone
		Ad-Hoc|iPhoneSimulator = Ad-Hoc|iPhoneSimulator
		Ad-Hoc|x64 = Ad-Hoc|x64
		Ad-Hoc|x86 = Ad-Hoc|x86
		AppStore|Any CPU = AppStore|Any CPU
		AppStore|ARM = AppStore|ARM
		AppStore|iPhone = AppStore|iPhone
		AppStore|iPhoneSimulator = AppStore|iPhoneSimulator
		AppStore|x64 = AppStore|x64
		AppStore|x86 = AppStore|x86
		Debug|Any CPU = Debug|Any CPU
		Debug|ARM = Debug|ARM
		Debug|iPhone = Debug|iPhone
		Debug|iPhoneSimulator = Debug|iPhoneSimulator
		Debug|x64 = Debug|x64
		Debug|x86 = Debug|x86
		Release|Any CPU = Release|Any CPU
		Release|ARM = Release|ARM
		Release|iPhone = Release|iPhone
		Release|iPhoneSimulator = Release|iPhoneSimulator
		Release|x64 = Release|x64
		Release|x86 = Release|x86
	EndGlobalSection
	GlobalSection(ProjectConfigurationPlatforms) = postSolution
		{34DCFCB1-973D-46D5-9D92-294417965B6F}.Ad-Hoc|Any CPU.ActiveCfg = Release|Any CPU
		{34DCFCB1-973D-46D5-9D92-294417965B6F}.Ad-Hoc|Any CPU.Build.0 = Release|Any CPU
		{34DCFCB1-973D-46D5-9D92-294417965B6F}.Ad-Hoc|ARM.ActiveCfg = Debug|Any CPU
		{34DCFCB1-973D-46D5-9D92-294417965B6F}.Ad-Hoc|ARM.Build.0 = Debug|Any CPU
		{34DCFCB1-973D-46D5-9D92-294417965B6F}.Ad-Hoc|iPhone.ActiveCfg = Release|Any CPU
		{34DCFCB1-973D-46D5-9D92-294417965B6F}.Ad-Hoc|iPhone.Build.0 = Release|Any CPU
		{34DCFCB1-973D-46D5-9D92-294417965B6F}.Ad-Hoc|iPhoneSimulator.ActiveCfg = Release|Any CPU
		{34DCFCB1-973D-46D5-9D92-294417965B6F}.Ad-Hoc|iPhoneSimulator.Build.0 = Release|Any CPU
		{34DCFCB1-973D-46D5-9D92-294417965B6F}.Ad-Hoc|x64.ActiveCfg = Debug|Any CPU
		{34DCFCB1-973D-46D5-9D92-294417965B6F}.Ad-Hoc|x64.Build.0 = Debug|Any CPU
		{34DCFCB1-973D-46D5-9D92-294417965B6F}.Ad-Hoc|x86.ActiveCfg = Debug|Any CPU
		{34DCFCB1-973D-46D5-9D92-294417965B6F}.Ad-Hoc|x86.Build.0 = Debug|Any CPU
		{34DCFCB1-973D-46D5-9D92-294417965B6F}.AppStore|Any CPU.ActiveCfg = Release|Any CPU
		{34DCFCB1-973D-46D5-9D92-294417965B6F}.AppStore|Any CPU.Build.0 = Release|Any CPU
		{34DCFCB1-973D-46D5-9D92-294417965B6F}.AppStore|ARM.ActiveCfg = Debug|Any CPU
		{34DCFCB1-973D-46D5-9D92-294417965B6F}.AppStore|ARM.Build.0 = Debug|Any CPU
		{34DCFCB1-973D-46D5-9D92-294417965B6F}.AppStore|iPhone.ActiveCfg = Release|Any CPU
		{34DCFCB1-973D-46D5-9D92-294417965B6F}.AppStore|iPhone.Build.0 = Release|Any CPU
		{34DCFCB1-973D-46D5-9D92-294417965B6F}.AppStore|iPhoneSimulator.ActiveCfg = Release|Any CPU
		{34DCFCB1-973D-46D5-9D92-294417965B6F}.AppStore|iPhoneSimulator.Build.0 = Release|Any CPU
		{34DCFCB1-973D-46D5-9D92-294417965B6F}.AppStore|x64.ActiveCfg = Debug|Any CPU
		{34DCFCB1-973D-46D5-9D92-294417965B6F}.AppStore|x64.Build.0 = Debug|Any CPU
		{34DCFCB1-973D-46D5-9D92-294417965B6F}.AppStore|x86.ActiveCfg = Debug|Any CPU
		{34DCFCB1-973D-46D5-9D92-294417965B6F}.AppStore|x86.Build.0 = Debug|Any CPU
		{34DCFCB1-973D-46D5-9D92-294417965B6F}.Debug|Any CPU.ActiveCfg = Debug|Any CPU
		{34DCFCB1-973D-46D5-9D92-294417965B6F}.Debug|Any CPU.Build.0 = Debug|Any CPU
		{34DCFCB1-973D-46D5-9D92-294417965B6F}.Debug|ARM.ActiveCfg = Debug|Any CPU
		{34DCFCB1-973D-46D5-9D92-294417965B6F}.Debug|ARM.Build.0 = Debug|Any CPU
		{34DCFCB1-973D-46D5-9D92-294417965B6F}.Debug|iPhone.ActiveCfg = Debug|Any CPU
		{34DCFCB1-973D-46D5-9D92-294417965B6F}.Debug|iPhone.Build.0 = Debug|Any CPU
		{34DCFCB1-973D-46D5-9D92-294417965B6F}.Debug|iPhoneSimulator.ActiveCfg = Debug|Any CPU
		{34DCFCB1-973D-46D5-9D92-294417965B6F}.Debug|iPhoneSimulator.Build.0 = Debug|Any CPU
		{34DCFCB1-973D-46D5-9D92-294417965B6F}.Debug|x64.ActiveCfg = Debug|Any CPU
		{34DCFCB1-973D-46D5-9D92-294417965B6F}.Debug|x64.Build.0 = Debug|Any CPU
		{34DCFCB1-973D-46D5-9D92-294417965B6F}.Debug|x86.ActiveCfg = Debug|Any CPU
		{34DCFCB1-973D-46D5-9D92-294417965B6F}.Debug|x86.Build.0 = Debug|Any CPU
		{34DCFCB1-973D-46D5-9D92-294417965B6F}.Release|Any CPU.ActiveCfg = Release|Any CPU
		{34DCFCB1-973D-46D5-9D92-294417965B6F}.Release|Any CPU.Build.0 = Release|Any CPU
		{34DCFCB1-973D-46D5-9D92-294417965B6F}.Release|ARM.ActiveCfg = Release|Any CPU
		{34DCFCB1-973D-46D5-9D92-294417965B6F}.Release|ARM.Build.0 = Release|Any CPU
		{34DCFCB1-973D-46D5-9D92-294417965B6F}.Release|iPhone.ActiveCfg = Release|Any CPU
		{34DCFCB1-973D-46D5-9D92-294417965B6F}.Release|iPhone.Build.0 = Release|Any CPU
		{34DCFCB1-973D-46D5-9D92-294417965B6F}.Release|iPhoneSimulator.ActiveCfg = Release|Any CPU
		{34DCFCB1-973D-46D5-9D92-294417965B6F}.Release|iPhoneSimulator.Build.0 = Release|Any CPU
		{34DCFCB1-973D-46D5-9D92-294417965B6F}.Release|x64.ActiveCfg = Release|Any CPU
		{34DCFCB1-973D-46D5-9D92-294417965B6F}.Release|x64.Build.0 = Release|Any CPU
		{34DCFCB1-973D-46D5-9D92-294417965B6F}.Release|x86.ActiveCfg = Release|Any CPU
		{34DCFCB1-973D-46D5-9D92-294417965B6F}.Release|x86.Build.0 = Release|Any CPU
		{FC459F44-FD3C-491B-8D88-AA19D931EA26}.Ad-Hoc|Any CPU.ActiveCfg = Release|Any CPU
		{FC459F44-FD3C-491B-8D88-AA19D931EA26}.Ad-Hoc|Any CPU.Build.0 = Release|Any CPU
		{FC459F44-FD3C-491B-8D88-AA19D931EA26}.Ad-Hoc|Any CPU.Deploy.0 = Release|Any CPU
		{FC459F44-FD3C-491B-8D88-AA19D931EA26}.Ad-Hoc|ARM.ActiveCfg = Debug|Any CPU
		{FC459F44-FD3C-491B-8D88-AA19D931EA26}.Ad-Hoc|ARM.Build.0 = Debug|Any CPU
		{FC459F44-FD3C-491B-8D88-AA19D931EA26}.Ad-Hoc|ARM.Deploy.0 = Debug|Any CPU
		{FC459F44-FD3C-491B-8D88-AA19D931EA26}.Ad-Hoc|iPhone.ActiveCfg = Release|Any CPU
		{FC459F44-FD3C-491B-8D88-AA19D931EA26}.Ad-Hoc|iPhone.Build.0 = Release|Any CPU
		{FC459F44-FD3C-491B-8D88-AA19D931EA26}.Ad-Hoc|iPhone.Deploy.0 = Release|Any CPU
		{FC459F44-FD3C-491B-8D88-AA19D931EA26}.Ad-Hoc|iPhoneSimulator.ActiveCfg = Release|Any CPU
		{FC459F44-FD3C-491B-8D88-AA19D931EA26}.Ad-Hoc|iPhoneSimulator.Build.0 = Release|Any CPU
		{FC459F44-FD3C-491B-8D88-AA19D931EA26}.Ad-Hoc|iPhoneSimulator.Deploy.0 = Release|Any CPU
		{FC459F44-FD3C-491B-8D88-AA19D931EA26}.Ad-Hoc|x64.ActiveCfg = Debug|Any CPU
		{FC459F44-FD3C-491B-8D88-AA19D931EA26}.Ad-Hoc|x64.Build.0 = Debug|Any CPU
		{FC459F44-FD3C-491B-8D88-AA19D931EA26}.Ad-Hoc|x64.Deploy.0 = Debug|Any CPU
		{FC459F44-FD3C-491B-8D88-AA19D931EA26}.Ad-Hoc|x86.ActiveCfg = Debug|Any CPU
		{FC459F44-FD3C-491B-8D88-AA19D931EA26}.Ad-Hoc|x86.Build.0 = Debug|Any CPU
		{FC459F44-FD3C-491B-8D88-AA19D931EA26}.Ad-Hoc|x86.Deploy.0 = Debug|Any CPU
		{FC459F44-FD3C-491B-8D88-AA19D931EA26}.AppStore|Any CPU.ActiveCfg = Release|Any CPU
		{FC459F44-FD3C-491B-8D88-AA19D931EA26}.AppStore|Any CPU.Build.0 = Release|Any CPU
		{FC459F44-FD3C-491B-8D88-AA19D931EA26}.AppStore|Any CPU.Deploy.0 = Release|Any CPU
		{FC459F44-FD3C-491B-8D88-AA19D931EA26}.AppStore|ARM.ActiveCfg = Debug|Any CPU
		{FC459F44-FD3C-491B-8D88-AA19D931EA26}.AppStore|ARM.Build.0 = Debug|Any CPU
		{FC459F44-FD3C-491B-8D88-AA19D931EA26}.AppStore|ARM.Deploy.0 = Debug|Any CPU
		{FC459F44-FD3C-491B-8D88-AA19D931EA26}.AppStore|iPhone.ActiveCfg = Release|Any CPU
		{FC459F44-FD3C-491B-8D88-AA19D931EA26}.AppStore|iPhone.Build.0 = Release|Any CPU
		{FC459F44-FD3C-491B-8D88-AA19D931EA26}.AppStore|iPhone.Deploy.0 = Release|Any CPU
		{FC459F44-FD3C-491B-8D88-AA19D931EA26}.AppStore|iPhoneSimulator.ActiveCfg = Release|Any CPU
		{FC459F44-FD3C-491B-8D88-AA19D931EA26}.AppStore|iPhoneSimulator.Build.0 = Release|Any CPU
		{FC459F44-FD3C-491B-8D88-AA19D931EA26}.AppStore|iPhoneSimulator.Deploy.0 = Release|Any CPU
		{FC459F44-FD3C-491B-8D88-AA19D931EA26}.AppStore|x64.ActiveCfg = Debug|Any CPU
		{FC459F44-FD3C-491B-8D88-AA19D931EA26}.AppStore|x64.Build.0 = Debug|Any CPU
		{FC459F44-FD3C-491B-8D88-AA19D931EA26}.AppStore|x64.Deploy.0 = Debug|Any CPU
		{FC459F44-FD3C-491B-8D88-AA19D931EA26}.AppStore|x86.ActiveCfg = Debug|Any CPU
		{FC459F44-FD3C-491B-8D88-AA19D931EA26}.AppStore|x86.Build.0 = Debug|Any CPU
		{FC459F44-FD3C-491B-8D88-AA19D931EA26}.AppStore|x86.Deploy.0 = Debug|Any CPU
		{FC459F44-FD3C-491B-8D88-AA19D931EA26}.Debug|Any CPU.ActiveCfg = Debug|Any CPU
		{FC459F44-FD3C-491B-8D88-AA19D931EA26}.Debug|Any CPU.Build.0 = Debug|Any CPU
		{FC459F44-FD3C-491B-8D88-AA19D931EA26}.Debug|Any CPU.Deploy.0 = Debug|Any CPU
		{FC459F44-FD3C-491B-8D88-AA19D931EA26}.Debug|ARM.ActiveCfg = Debug|Any CPU
		{FC459F44-FD3C-491B-8D88-AA19D931EA26}.Debug|ARM.Build.0 = Debug|Any CPU
		{FC459F44-FD3C-491B-8D88-AA19D931EA26}.Debug|ARM.Deploy.0 = Debug|Any CPU
		{FC459F44-FD3C-491B-8D88-AA19D931EA26}.Debug|iPhone.ActiveCfg = Debug|Any CPU
		{FC459F44-FD3C-491B-8D88-AA19D931EA26}.Debug|iPhone.Build.0 = Debug|Any CPU
		{FC459F44-FD3C-491B-8D88-AA19D931EA26}.Debug|iPhone.Deploy.0 = Debug|Any CPU
		{FC459F44-FD3C-491B-8D88-AA19D931EA26}.Debug|iPhoneSimulator.ActiveCfg = Debug|Any CPU
		{FC459F44-FD3C-491B-8D88-AA19D931EA26}.Debug|iPhoneSimulator.Build.0 = Debug|Any CPU
		{FC459F44-FD3C-491B-8D88-AA19D931EA26}.Debug|x64.ActiveCfg = Debug|Any CPU
		{FC459F44-FD3C-491B-8D88-AA19D931EA26}.Debug|x64.Build.0 = Debug|Any CPU
		{FC459F44-FD3C-491B-8D88-AA19D931EA26}.Debug|x64.Deploy.0 = Debug|Any CPU
		{FC459F44-FD3C-491B-8D88-AA19D931EA26}.Debug|x86.ActiveCfg = Debug|Any CPU
		{FC459F44-FD3C-491B-8D88-AA19D931EA26}.Debug|x86.Build.0 = Debug|Any CPU
		{FC459F44-FD3C-491B-8D88-AA19D931EA26}.Debug|x86.Deploy.0 = Debug|Any CPU
		{FC459F44-FD3C-491B-8D88-AA19D931EA26}.Release|Any CPU.ActiveCfg = Release|Any CPU
		{FC459F44-FD3C-491B-8D88-AA19D931EA26}.Release|Any CPU.Build.0 = Release|Any CPU
		{FC459F44-FD3C-491B-8D88-AA19D931EA26}.Release|Any CPU.Deploy.0 = Release|Any CPU
		{FC459F44-FD3C-491B-8D88-AA19D931EA26}.Release|ARM.ActiveCfg = Release|Any CPU
		{FC459F44-FD3C-491B-8D88-AA19D931EA26}.Release|ARM.Build.0 = Release|Any CPU
		{FC459F44-FD3C-491B-8D88-AA19D931EA26}.Release|ARM.Deploy.0 = Release|Any CPU
		{FC459F44-FD3C-491B-8D88-AA19D931EA26}.Release|iPhone.ActiveCfg = Release|Any CPU
		{FC459F44-FD3C-491B-8D88-AA19D931EA26}.Release|iPhone.Build.0 = Release|Any CPU
		{FC459F44-FD3C-491B-8D88-AA19D931EA26}.Release|iPhone.Deploy.0 = Release|Any CPU
		{FC459F44-FD3C-491B-8D88-AA19D931EA26}.Release|iPhoneSimulator.ActiveCfg = Release|Any CPU
		{FC459F44-FD3C-491B-8D88-AA19D931EA26}.Release|iPhoneSimulator.Build.0 = Release|Any CPU
		{FC459F44-FD3C-491B-8D88-AA19D931EA26}.Release|iPhoneSimulator.Deploy.0 = Release|Any CPU
		{FC459F44-FD3C-491B-8D88-AA19D931EA26}.Release|x64.ActiveCfg = Release|Any CPU
		{FC459F44-FD3C-491B-8D88-AA19D931EA26}.Release|x64.Build.0 = Release|Any CPU
		{FC459F44-FD3C-491B-8D88-AA19D931EA26}.Release|x64.Deploy.0 = Release|Any CPU
		{FC459F44-FD3C-491B-8D88-AA19D931EA26}.Release|x86.ActiveCfg = Release|Any CPU
		{FC459F44-FD3C-491B-8D88-AA19D931EA26}.Release|x86.Build.0 = Release|Any CPU
		{FC459F44-FD3C-491B-8D88-AA19D931EA26}.Release|x86.Deploy.0 = Release|Any CPU
		{37EB6149-2C3C-426D-B79E-30D69DE03124}.Ad-Hoc|Any CPU.ActiveCfg = Ad-Hoc|iPhone
		{37EB6149-2C3C-426D-B79E-30D69DE03124}.Ad-Hoc|ARM.ActiveCfg = Ad-Hoc|iPhoneSimulator
		{37EB6149-2C3C-426D-B79E-30D69DE03124}.Ad-Hoc|iPhone.ActiveCfg = Ad-Hoc|iPhone
		{37EB6149-2C3C-426D-B79E-30D69DE03124}.Ad-Hoc|iPhone.Build.0 = Ad-Hoc|iPhone
		{37EB6149-2C3C-426D-B79E-30D69DE03124}.Ad-Hoc|iPhoneSimulator.ActiveCfg = Ad-Hoc|iPhoneSimulator
		{37EB6149-2C3C-426D-B79E-30D69DE03124}.Ad-Hoc|iPhoneSimulator.Build.0 = Ad-Hoc|iPhoneSimulator
		{37EB6149-2C3C-426D-B79E-30D69DE03124}.Ad-Hoc|x64.ActiveCfg = Ad-Hoc|iPhoneSimulator
		{37EB6149-2C3C-426D-B79E-30D69DE03124}.Ad-Hoc|x86.ActiveCfg = Ad-Hoc|iPhoneSimulator
		{37EB6149-2C3C-426D-B79E-30D69DE03124}.AppStore|Any CPU.ActiveCfg = AppStore|iPhone
		{37EB6149-2C3C-426D-B79E-30D69DE03124}.AppStore|ARM.ActiveCfg = AppStore|iPhoneSimulator
		{37EB6149-2C3C-426D-B79E-30D69DE03124}.AppStore|iPhone.ActiveCfg = AppStore|iPhone
		{37EB6149-2C3C-426D-B79E-30D69DE03124}.AppStore|iPhone.Build.0 = AppStore|iPhone
		{37EB6149-2C3C-426D-B79E-30D69DE03124}.AppStore|iPhoneSimulator.ActiveCfg = AppStore|iPhoneSimulator
		{37EB6149-2C3C-426D-B79E-30D69DE03124}.AppStore|iPhoneSimulator.Build.0 = AppStore|iPhoneSimulator
		{37EB6149-2C3C-426D-B79E-30D69DE03124}.AppStore|x64.ActiveCfg = AppStore|iPhoneSimulator
		{37EB6149-2C3C-426D-B79E-30D69DE03124}.AppStore|x86.ActiveCfg = AppStore|iPhoneSimulator
		{37EB6149-2C3C-426D-B79E-30D69DE03124}.Debug|Any CPU.ActiveCfg = Debug|iPhone
		{37EB6149-2C3C-426D-B79E-30D69DE03124}.Debug|ARM.ActiveCfg = Debug|iPhoneSimulator
		{37EB6149-2C3C-426D-B79E-30D69DE03124}.Debug|iPhone.ActiveCfg = Debug|iPhone
		{37EB6149-2C3C-426D-B79E-30D69DE03124}.Debug|iPhone.Build.0 = Debug|iPhone
		{37EB6149-2C3C-426D-B79E-30D69DE03124}.Debug|iPhoneSimulator.ActiveCfg = Debug|iPhoneSimulator
		{37EB6149-2C3C-426D-B79E-30D69DE03124}.Debug|x64.ActiveCfg = Debug|iPhoneSimulator
		{37EB6149-2C3C-426D-B79E-30D69DE03124}.Debug|x86.ActiveCfg = Debug|iPhoneSimulator
		{37EB6149-2C3C-426D-B79E-30D69DE03124}.Release|Any CPU.ActiveCfg = Release|iPhone
		{37EB6149-2C3C-426D-B79E-30D69DE03124}.Release|ARM.ActiveCfg = Release|iPhoneSimulator
		{37EB6149-2C3C-426D-B79E-30D69DE03124}.Release|iPhone.ActiveCfg = Release|iPhone
		{37EB6149-2C3C-426D-B79E-30D69DE03124}.Release|iPhone.Build.0 = Release|iPhone
		{37EB6149-2C3C-426D-B79E-30D69DE03124}.Release|iPhoneSimulator.ActiveCfg = Release|iPhoneSimulator
		{37EB6149-2C3C-426D-B79E-30D69DE03124}.Release|iPhoneSimulator.Build.0 = Release|iPhoneSimulator
		{37EB6149-2C3C-426D-B79E-30D69DE03124}.Release|x64.ActiveCfg = Release|iPhoneSimulator
		{37EB6149-2C3C-426D-B79E-30D69DE03124}.Release|x86.ActiveCfg = Release|iPhoneSimulator
		{9F705B7B-E38D-49CF-8504-FA19AD8795F9}.Ad-Hoc|Any CPU.ActiveCfg = Release|x64
		{9F705B7B-E38D-49CF-8504-FA19AD8795F9}.Ad-Hoc|Any CPU.Build.0 = Release|x64
		{9F705B7B-E38D-49CF-8504-FA19AD8795F9}.Ad-Hoc|Any CPU.Deploy.0 = Release|x64
		{9F705B7B-E38D-49CF-8504-FA19AD8795F9}.Ad-Hoc|ARM.ActiveCfg = Release|ARM
		{9F705B7B-E38D-49CF-8504-FA19AD8795F9}.Ad-Hoc|ARM.Build.0 = Release|ARM
		{9F705B7B-E38D-49CF-8504-FA19AD8795F9}.Ad-Hoc|ARM.Deploy.0 = Release|ARM
		{9F705B7B-E38D-49CF-8504-FA19AD8795F9}.Ad-Hoc|iPhone.ActiveCfg = Release|x64
		{9F705B7B-E38D-49CF-8504-FA19AD8795F9}.Ad-Hoc|iPhone.Build.0 = Release|x64
		{9F705B7B-E38D-49CF-8504-FA19AD8795F9}.Ad-Hoc|iPhone.Deploy.0 = Release|x64
		{9F705B7B-E38D-49CF-8504-FA19AD8795F9}.Ad-Hoc|iPhoneSimulator.ActiveCfg = Release|x64
		{9F705B7B-E38D-49CF-8504-FA19AD8795F9}.Ad-Hoc|iPhoneSimulator.Build.0 = Release|x64
		{9F705B7B-E38D-49CF-8504-FA19AD8795F9}.Ad-Hoc|iPhoneSimulator.Deploy.0 = Release|x64
		{9F705B7B-E38D-49CF-8504-FA19AD8795F9}.Ad-Hoc|x64.ActiveCfg = Release|x64
		{9F705B7B-E38D-49CF-8504-FA19AD8795F9}.Ad-Hoc|x64.Build.0 = Release|x64
		{9F705B7B-E38D-49CF-8504-FA19AD8795F9}.Ad-Hoc|x64.Deploy.0 = Release|x64
		{9F705B7B-E38D-49CF-8504-FA19AD8795F9}.Ad-Hoc|x86.ActiveCfg = Release|x86
		{9F705B7B-E38D-49CF-8504-FA19AD8795F9}.Ad-Hoc|x86.Build.0 = Release|x86
		{9F705B7B-E38D-49CF-8504-FA19AD8795F9}.Ad-Hoc|x86.Deploy.0 = Release|x86
		{9F705B7B-E38D-49CF-8504-FA19AD8795F9}.AppStore|Any CPU.ActiveCfg = Release|x64
		{9F705B7B-E38D-49CF-8504-FA19AD8795F9}.AppStore|Any CPU.Build.0 = Release|x64
		{9F705B7B-E38D-49CF-8504-FA19AD8795F9}.AppStore|Any CPU.Deploy.0 = Release|x64
		{9F705B7B-E38D-49CF-8504-FA19AD8795F9}.AppStore|ARM.ActiveCfg = Release|ARM
		{9F705B7B-E38D-49CF-8504-FA19AD8795F9}.AppStore|ARM.Build.0 = Release|ARM
		{9F705B7B-E38D-49CF-8504-FA19AD8795F9}.AppStore|ARM.Deploy.0 = Release|ARM
		{9F705B7B-E38D-49CF-8504-FA19AD8795F9}.AppStore|iPhone.ActiveCfg = Release|x64
		{9F705B7B-E38D-49CF-8504-FA19AD8795F9}.AppStore|iPhone.Build.0 = Release|x64
		{9F705B7B-E38D-49CF-8504-FA19AD8795F9}.AppStore|iPhone.Deploy.0 = Release|x64
		{9F705B7B-E38D-49CF-8504-FA19AD8795F9}.AppStore|iPhoneSimulator.ActiveCfg = Release|x64
		{9F705B7B-E38D-49CF-8504-FA19AD8795F9}.AppStore|iPhoneSimulator.Build.0 = Release|x64
		{9F705B7B-E38D-49CF-8504-FA19AD8795F9}.AppStore|iPhoneSimulator.Deploy.0 = Release|x64
		{9F705B7B-E38D-49CF-8504-FA19AD8795F9}.AppStore|x64.ActiveCfg = Release|x64
		{9F705B7B-E38D-49CF-8504-FA19AD8795F9}.AppStore|x64.Build.0 = Release|x64
		{9F705B7B-E38D-49CF-8504-FA19AD8795F9}.AppStore|x64.Deploy.0 = Release|x64
		{9F705B7B-E38D-49CF-8504-FA19AD8795F9}.AppStore|x86.ActiveCfg = Release|x86
		{9F705B7B-E38D-49CF-8504-FA19AD8795F9}.AppStore|x86.Build.0 = Release|x86
		{9F705B7B-E38D-49CF-8504-FA19AD8795F9}.AppStore|x86.Deploy.0 = Release|x86
		{9F705B7B-E38D-49CF-8504-FA19AD8795F9}.Debug|Any CPU.ActiveCfg = Debug|x86
		{9F705B7B-E38D-49CF-8504-FA19AD8795F9}.Debug|ARM.ActiveCfg = Debug|ARM
		{9F705B7B-E38D-49CF-8504-FA19AD8795F9}.Debug|ARM.Build.0 = Debug|ARM
		{9F705B7B-E38D-49CF-8504-FA19AD8795F9}.Debug|ARM.Deploy.0 = Debug|ARM
		{9F705B7B-E38D-49CF-8504-FA19AD8795F9}.Debug|iPhone.ActiveCfg = Debug|x86
		{9F705B7B-E38D-49CF-8504-FA19AD8795F9}.Debug|iPhoneSimulator.ActiveCfg = Debug|x86
		{9F705B7B-E38D-49CF-8504-FA19AD8795F9}.Debug|iPhoneSimulator.Build.0 = Debug|x86
		{9F705B7B-E38D-49CF-8504-FA19AD8795F9}.Debug|iPhoneSimulator.Deploy.0 = Debug|x86
		{9F705B7B-E38D-49CF-8504-FA19AD8795F9}.Debug|x64.ActiveCfg = Debug|x64
		{9F705B7B-E38D-49CF-8504-FA19AD8795F9}.Debug|x64.Build.0 = Debug|x64
		{9F705B7B-E38D-49CF-8504-FA19AD8795F9}.Debug|x64.Deploy.0 = Debug|x64
		{9F705B7B-E38D-49CF-8504-FA19AD8795F9}.Debug|x86.ActiveCfg = Debug|x86
		{9F705B7B-E38D-49CF-8504-FA19AD8795F9}.Debug|x86.Build.0 = Debug|x86
		{9F705B7B-E38D-49CF-8504-FA19AD8795F9}.Debug|x86.Deploy.0 = Debug|x86
		{9F705B7B-E38D-49CF-8504-FA19AD8795F9}.Release|Any CPU.ActiveCfg = Release|x86
		{9F705B7B-E38D-49CF-8504-FA19AD8795F9}.Release|ARM.ActiveCfg = Release|ARM
		{9F705B7B-E38D-49CF-8504-FA19AD8795F9}.Release|ARM.Build.0 = Release|ARM
		{9F705B7B-E38D-49CF-8504-FA19AD8795F9}.Release|ARM.Deploy.0 = Release|ARM
		{9F705B7B-E38D-49CF-8504-FA19AD8795F9}.Release|iPhone.ActiveCfg = Release|x86
		{9F705B7B-E38D-49CF-8504-FA19AD8795F9}.Release|iPhoneSimulator.ActiveCfg = Release|x86
		{9F705B7B-E38D-49CF-8504-FA19AD8795F9}.Release|x64.ActiveCfg = Release|x64
		{9F705B7B-E38D-49CF-8504-FA19AD8795F9}.Release|x64.Build.0 = Release|x64
		{9F705B7B-E38D-49CF-8504-FA19AD8795F9}.Release|x64.Deploy.0 = Release|x64
		{9F705B7B-E38D-49CF-8504-FA19AD8795F9}.Release|x86.ActiveCfg = Release|x86
		{9F705B7B-E38D-49CF-8504-FA19AD8795F9}.Release|x86.Build.0 = Release|x86
		{9F705B7B-E38D-49CF-8504-FA19AD8795F9}.Release|x86.Deploy.0 = Release|x86
	EndGlobalSection
	GlobalSection(SolutionProperties) = preSolution
		HideSolutionNode = FALSE
	EndGlobalSection
EndGlobal
