
Microsoft Visual Studio Solution File, Format Version 12.00
# Visual Studio 14
VisualStudioVersion = 14.0.25420.1
MinimumVisualStudioVersion = 10.0.40219.1
Project("{FAE04EC0-301F-11D3-BF4B-00C04F79EFBC}") = "Day05.Core", "Day05.Core\Day05.Core.csproj", "{98672B33-7B36-40EC-B631-F745D9B1F650}"
EndProject
Project("{FAE04EC0-301F-11D3-BF4B-00C04F79EFBC}") = "Day05.Universal", "Day05.Universal\Day05.Universal.csproj", "{9430B3FA-19B1-4CD0-8CFC-EE053D001CF8}"
EndProject
Project("{FAE04EC0-301F-11D3-BF4B-00C04F79EFBC}") = "Day05.Droid", "Day05.Droid\Day05.Droid.csproj", "{9FCFF36B-5C45-4383-8802-684BD5F1055E}"
EndProject
Project("{FAE04EC0-301F-11D3-BF4B-00C04F79EFBC}") = "Day05.IOS", "Day05.IOS\Day05.IOS.csproj", "{3BDDD038-B0A7-46E5-A59D-5DCADD4E6521}"
EndProject
Global
	GlobalSection(SolutionConfigurationPlatforms) = preSolution
		Ad-Hoc|Any CPU = Ad-Hoc|Any CPU
		Ad-Hoc|ARM = Ad-Hoc|ARM
		Ad-Hoc|iPhone = Ad-Hoc|iPhone
		Ad-Hoc|iPhoneSimulator = Ad-Hoc|iPhoneSimulator
		Ad-Hoc|x64 = Ad-Hoc|x64
		Ad-Hoc|x86 = Ad-Hoc|x86
		AppStore|Any CPU = AppStore|Any CPU
		AppStore|ARM = AppStore|ARM
		AppStore|iPhone = AppStore|iPhone
		AppStore|iPhoneSimulator = AppStore|iPhoneSimulator
		AppStore|x64 = AppStore|x64
		AppStore|x86 = AppStore|x86
		Debug|Any CPU = Debug|Any CPU
		Debug|ARM = Debug|ARM
		Debug|iPhone = Debug|iPhone
		Debug|iPhoneSimulator = Debug|iPhoneSimulator
		Debug|x64 = Debug|x64
		Debug|x86 = Debug|x86
		Release|Any CPU = Release|Any CPU
		Release|ARM = Release|ARM
		Release|iPhone = Release|iPhone
		Release|iPhoneSimulator = Release|iPhoneSimulator
		Release|x64 = Release|x64
		Release|x86 = Release|x86
	EndGlobalSection
	GlobalSection(ProjectConfigurationPlatforms) = postSolution
		{98672B33-7B36-40EC-B631-F745D9B1F650}.Ad-Hoc|Any CPU.ActiveCfg = Release|Any CPU
		{98672B33-7B36-40EC-B631-F745D9B1F650}.Ad-Hoc|Any CPU.Build.0 = Release|Any CPU
		{98672B33-7B36-40EC-B631-F745D9B1F650}.Ad-Hoc|ARM.ActiveCfg = Release|Any CPU
		{98672B33-7B36-40EC-B631-F745D9B1F650}.Ad-Hoc|ARM.Build.0 = Release|Any CPU
		{98672B33-7B36-40EC-B631-F745D9B1F650}.Ad-Hoc|iPhone.ActiveCfg = Release|Any CPU
		{98672B33-7B36-40EC-B631-F745D9B1F650}.Ad-Hoc|iPhone.Build.0 = Release|Any CPU
		{98672B33-7B36-40EC-B631-F745D9B1F650}.Ad-Hoc|iPhoneSimulator.ActiveCfg = Release|Any CPU
		{98672B33-7B36-40EC-B631-F745D9B1F650}.Ad-Hoc|iPhoneSimulator.Build.0 = Release|Any CPU
		{98672B33-7B36-40EC-B631-F745D9B1F650}.Ad-Hoc|x64.ActiveCfg = Release|Any CPU
		{98672B33-7B36-40EC-B631-F745D9B1F650}.Ad-Hoc|x64.Build.0 = Release|Any CPU
		{98672B33-7B36-40EC-B631-F745D9B1F650}.Ad-Hoc|x86.ActiveCfg = Release|Any CPU
		{98672B33-7B36-40EC-B631-F745D9B1F650}.Ad-Hoc|x86.Build.0 = Release|Any CPU
		{98672B33-7B36-40EC-B631-F745D9B1F650}.AppStore|Any CPU.ActiveCfg = Release|Any CPU
		{98672B33-7B36-40EC-B631-F745D9B1F650}.AppStore|Any CPU.Build.0 = Release|Any CPU
		{98672B33-7B36-40EC-B631-F745D9B1F650}.AppStore|ARM.ActiveCfg = Release|Any CPU
		{98672B33-7B36-40EC-B631-F745D9B1F650}.AppStore|ARM.Build.0 = Release|Any CPU
		{98672B33-7B36-40EC-B631-F745D9B1F650}.AppStore|iPhone.ActiveCfg = Release|Any CPU
		{98672B33-7B36-40EC-B631-F745D9B1F650}.AppStore|iPhone.Build.0 = Release|Any CPU
		{98672B33-7B36-40EC-B631-F745D9B1F650}.AppStore|iPhoneSimulator.ActiveCfg = Release|Any CPU
		{98672B33-7B36-40EC-B631-F745D9B1F650}.AppStore|iPhoneSimulator.Build.0 = Release|Any CPU
		{98672B33-7B36-40EC-B631-F745D9B1F650}.AppStore|x64.ActiveCfg = Release|Any CPU
		{98672B33-7B36-40EC-B631-F745D9B1F650}.AppStore|x64.Build.0 = Release|Any CPU
		{98672B33-7B36-40EC-B631-F745D9B1F650}.AppStore|x86.ActiveCfg = Release|Any CPU
		{98672B33-7B36-40EC-B631-F745D9B1F650}.AppStore|x86.Build.0 = Release|Any CPU
		{98672B33-7B36-40EC-B631-F745D9B1F650}.Debug|Any CPU.ActiveCfg = Debug|Any CPU
		{98672B33-7B36-40EC-B631-F745D9B1F650}.Debug|Any CPU.Build.0 = Debug|Any CPU
		{98672B33-7B36-40EC-B631-F745D9B1F650}.Debug|ARM.ActiveCfg = Debug|Any CPU
		{98672B33-7B36-40EC-B631-F745D9B1F650}.Debug|ARM.Build.0 = Debug|Any CPU
		{98672B33-7B36-40EC-B631-F745D9B1F650}.Debug|iPhone.ActiveCfg = Debug|Any CPU
		{98672B33-7B36-40EC-B631-F745D9B1F650}.Debug|iPhone.Build.0 = Debug|Any CPU
		{98672B33-7B36-40EC-B631-F745D9B1F650}.Debug|iPhoneSimulator.ActiveCfg = Debug|Any CPU
		{98672B33-7B36-40EC-B631-F745D9B1F650}.Debug|iPhoneSimulator.Build.0 = Debug|Any CPU
		{98672B33-7B36-40EC-B631-F745D9B1F650}.Debug|x64.ActiveCfg = Debug|Any CPU
		{98672B33-7B36-40EC-B631-F745D9B1F650}.Debug|x64.Build.0 = Debug|Any CPU
		{98672B33-7B36-40EC-B631-F745D9B1F650}.Debug|x86.ActiveCfg = Debug|Any CPU
		{98672B33-7B36-40EC-B631-F745D9B1F650}.Debug|x86.Build.0 = Debug|Any CPU
		{98672B33-7B36-40EC-B631-F745D9B1F650}.Release|Any CPU.ActiveCfg = Release|Any CPU
		{98672B33-7B36-40EC-B631-F745D9B1F650}.Release|Any CPU.Build.0 = Release|Any CPU
		{98672B33-7B36-40EC-B631-F745D9B1F650}.Release|ARM.ActiveCfg = Release|Any CPU
		{98672B33-7B36-40EC-B631-F745D9B1F650}.Release|ARM.Build.0 = Release|Any CPU
		{98672B33-7B36-40EC-B631-F745D9B1F650}.Release|iPhone.ActiveCfg = Release|Any CPU
		{98672B33-7B36-40EC-B631-F745D9B1F650}.Release|iPhone.Build.0 = Release|Any CPU
		{98672B33-7B36-40EC-B631-F745D9B1F650}.Release|iPhoneSimulator.ActiveCfg = Release|Any CPU
		{98672B33-7B36-40EC-B631-F745D9B1F650}.Release|iPhoneSimulator.Build.0 = Release|Any CPU
		{98672B33-7B36-40EC-B631-F745D9B1F650}.Release|x64.ActiveCfg = Release|Any CPU
		{98672B33-7B36-40EC-B631-F745D9B1F650}.Release|x64.Build.0 = Release|Any CPU
		{98672B33-7B36-40EC-B631-F745D9B1F650}.Release|x86.ActiveCfg = Release|Any CPU
		{98672B33-7B36-40EC-B631-F745D9B1F650}.Release|x86.Build.0 = Release|Any CPU
		{9430B3FA-19B1-4CD0-8CFC-EE053D001CF8}.Ad-Hoc|Any CPU.ActiveCfg = Release|x64
		{9430B3FA-19B1-4CD0-8CFC-EE053D001CF8}.Ad-Hoc|Any CPU.Build.0 = Release|x64
		{9430B3FA-19B1-4CD0-8CFC-EE053D001CF8}.Ad-Hoc|Any CPU.Deploy.0 = Release|x64
		{9430B3FA-19B1-4CD0-8CFC-EE053D001CF8}.Ad-Hoc|ARM.ActiveCfg = Release|ARM
		{9430B3FA-19B1-4CD0-8CFC-EE053D001CF8}.Ad-Hoc|ARM.Build.0 = Release|ARM
		{9430B3FA-19B1-4CD0-8CFC-EE053D001CF8}.Ad-Hoc|ARM.Deploy.0 = Release|ARM
		{9430B3FA-19B1-4CD0-8CFC-EE053D001CF8}.Ad-Hoc|iPhone.ActiveCfg = Release|x64
		{9430B3FA-19B1-4CD0-8CFC-EE053D001CF8}.Ad-Hoc|iPhone.Build.0 = Release|x64
		{9430B3FA-19B1-4CD0-8CFC-EE053D001CF8}.Ad-Hoc|iPhone.Deploy.0 = Release|x64
		{9430B3FA-19B1-4CD0-8CFC-EE053D001CF8}.Ad-Hoc|iPhoneSimulator.ActiveCfg = Release|x64
		{9430B3FA-19B1-4CD0-8CFC-EE053D001CF8}.Ad-Hoc|iPhoneSimulator.Build.0 = Release|x64
		{9430B3FA-19B1-4CD0-8CFC-EE053D001CF8}.Ad-Hoc|iPhoneSimulator.Deploy.0 = Release|x64
		{9430B3FA-19B1-4CD0-8CFC-EE053D001CF8}.Ad-Hoc|x64.ActiveCfg = Release|x64
		{9430B3FA-19B1-4CD0-8CFC-EE053D001CF8}.Ad-Hoc|x64.Build.0 = Release|x64
		{9430B3FA-19B1-4CD0-8CFC-EE053D001CF8}.Ad-Hoc|x64.Deploy.0 = Release|x64
		{9430B3FA-19B1-4CD0-8CFC-EE053D001CF8}.Ad-Hoc|x86.ActiveCfg = Release|x86
		{9430B3FA-19B1-4CD0-8CFC-EE053D001CF8}.Ad-Hoc|x86.Build.0 = Release|x86
		{9430B3FA-19B1-4CD0-8CFC-EE053D001CF8}.Ad-Hoc|x86.Deploy.0 = Release|x86
		{9430B3FA-19B1-4CD0-8CFC-EE053D001CF8}.AppStore|Any CPU.ActiveCfg = Release|x64
		{9430B3FA-19B1-4CD0-8CFC-EE053D001CF8}.AppStore|Any CPU.Build.0 = Release|x64
		{9430B3FA-19B1-4CD0-8CFC-EE053D001CF8}.AppStore|Any CPU.Deploy.0 = Release|x64
		{9430B3FA-19B1-4CD0-8CFC-EE053D001CF8}.AppStore|ARM.ActiveCfg = Release|ARM
		{9430B3FA-19B1-4CD0-8CFC-EE053D001CF8}.AppStore|ARM.Build.0 = Release|ARM
		{9430B3FA-19B1-4CD0-8CFC-EE053D001CF8}.AppStore|ARM.Deploy.0 = Release|ARM
		{9430B3FA-19B1-4CD0-8CFC-EE053D001CF8}.AppStore|iPhone.ActiveCfg = Release|x64
		{9430B3FA-19B1-4CD0-8CFC-EE053D001CF8}.AppStore|iPhone.Build.0 = Release|x64
		{9430B3FA-19B1-4CD0-8CFC-EE053D001CF8}.AppStore|iPhone.Deploy.0 = Release|x64
		{9430B3FA-19B1-4CD0-8CFC-EE053D001CF8}.AppStore|iPhoneSimulator.ActiveCfg = Release|x64
		{9430B3FA-19B1-4CD0-8CFC-EE053D001CF8}.AppStore|iPhoneSimulator.Build.0 = Release|x64
		{9430B3FA-19B1-4CD0-8CFC-EE053D001CF8}.AppStore|iPhoneSimulator.Deploy.0 = Release|x64
		{9430B3FA-19B1-4CD0-8CFC-EE053D001CF8}.AppStore|x64.ActiveCfg = Release|x64
		{9430B3FA-19B1-4CD0-8CFC-EE053D001CF8}.AppStore|x64.Build.0 = Release|x64
		{9430B3FA-19B1-4CD0-8CFC-EE053D001CF8}.AppStore|x64.Deploy.0 = Release|x64
		{9430B3FA-19B1-4CD0-8CFC-EE053D001CF8}.AppStore|x86.ActiveCfg = Release|x86
		{9430B3FA-19B1-4CD0-8CFC-EE053D001CF8}.AppStore|x86.Build.0 = Release|x86
		{9430B3FA-19B1-4CD0-8CFC-EE053D001CF8}.AppStore|x86.Deploy.0 = Release|x86
		{9430B3FA-19B1-4CD0-8CFC-EE053D001CF8}.Debug|Any CPU.ActiveCfg = Debug|x86
		{9430B3FA-19B1-4CD0-8CFC-EE053D001CF8}.Debug|Any CPU.Build.0 = Debug|x86
		{9430B3FA-19B1-4CD0-8CFC-EE053D001CF8}.Debug|Any CPU.Deploy.0 = Debug|x86
		{9430B3FA-19B1-4CD0-8CFC-EE053D001CF8}.Debug|ARM.ActiveCfg = Debug|ARM
		{9430B3FA-19B1-4CD0-8CFC-EE053D001CF8}.Debug|ARM.Build.0 = Debug|ARM
		{9430B3FA-19B1-4CD0-8CFC-EE053D001CF8}.Debug|ARM.Deploy.0 = Debug|ARM
		{9430B3FA-19B1-4CD0-8CFC-EE053D001CF8}.Debug|iPhone.ActiveCfg = Debug|x86
		{9430B3FA-19B1-4CD0-8CFC-EE053D001CF8}.Debug|iPhoneSimulator.ActiveCfg = Debug|x86
		{9430B3FA-19B1-4CD0-8CFC-EE053D001CF8}.Debug|x64.ActiveCfg = Debug|x64
		{9430B3FA-19B1-4CD0-8CFC-EE053D001CF8}.Debug|x64.Build.0 = Debug|x64
		{9430B3FA-19B1-4CD0-8CFC-EE053D001CF8}.Debug|x64.Deploy.0 = Debug|x64
		{9430B3FA-19B1-4CD0-8CFC-EE053D001CF8}.Debug|x86.ActiveCfg = Debug|x86
		{9430B3FA-19B1-4CD0-8CFC-EE053D001CF8}.Debug|x86.Build.0 = Debug|x86
		{9430B3FA-19B1-4CD0-8CFC-EE053D001CF8}.Debug|x86.Deploy.0 = Debug|x86
		{9430B3FA-19B1-4CD0-8CFC-EE053D001CF8}.Release|Any CPU.ActiveCfg = Release|x86
		{9430B3FA-19B1-4CD0-8CFC-EE053D001CF8}.Release|ARM.ActiveCfg = Release|ARM
		{9430B3FA-19B1-4CD0-8CFC-EE053D001CF8}.Release|ARM.Build.0 = Release|ARM
		{9430B3FA-19B1-4CD0-8CFC-EE053D001CF8}.Release|ARM.Deploy.0 = Release|ARM
		{9430B3FA-19B1-4CD0-8CFC-EE053D001CF8}.Release|iPhone.ActiveCfg = Release|x86
		{9430B3FA-19B1-4CD0-8CFC-EE053D001CF8}.Release|iPhoneSimulator.ActiveCfg = Release|x86
		{9430B3FA-19B1-4CD0-8CFC-EE053D001CF8}.Release|x64.ActiveCfg = Release|x64
		{9430B3FA-19B1-4CD0-8CFC-EE053D001CF8}.Release|x64.Build.0 = Release|x64
		{9430B3FA-19B1-4CD0-8CFC-EE053D001CF8}.Release|x64.Deploy.0 = Release|x64
		{9430B3FA-19B1-4CD0-8CFC-EE053D001CF8}.Release|x86.ActiveCfg = Release|x86
		{9430B3FA-19B1-4CD0-8CFC-EE053D001CF8}.Release|x86.Build.0 = Release|x86
		{9430B3FA-19B1-4CD0-8CFC-EE053D001CF8}.Release|x86.Deploy.0 = Release|x86
		{9FCFF36B-5C45-4383-8802-684BD5F1055E}.Ad-Hoc|Any CPU.ActiveCfg = Release|Any CPU
		{9FCFF36B-5C45-4383-8802-684BD5F1055E}.Ad-Hoc|Any CPU.Build.0 = Release|Any CPU
		{9FCFF36B-5C45-4383-8802-684BD5F1055E}.Ad-Hoc|Any CPU.Deploy.0 = Release|Any CPU
		{9FCFF36B-5C45-4383-8802-684BD5F1055E}.Ad-Hoc|ARM.ActiveCfg = Release|Any CPU
		{9FCFF36B-5C45-4383-8802-684BD5F1055E}.Ad-Hoc|ARM.Build.0 = Release|Any CPU
		{9FCFF36B-5C45-4383-8802-684BD5F1055E}.Ad-Hoc|ARM.Deploy.0 = Release|Any CPU
		{9FCFF36B-5C45-4383-8802-684BD5F1055E}.Ad-Hoc|iPhone.ActiveCfg = Release|Any CPU
		{9FCFF36B-5C45-4383-8802-684BD5F1055E}.Ad-Hoc|iPhone.Build.0 = Release|Any CPU
		{9FCFF36B-5C45-4383-8802-684BD5F1055E}.Ad-Hoc|iPhone.Deploy.0 = Release|Any CPU
		{9FCFF36B-5C45-4383-8802-684BD5F1055E}.Ad-Hoc|iPhoneSimulator.ActiveCfg = Release|Any CPU
		{9FCFF36B-5C45-4383-8802-684BD5F1055E}.Ad-Hoc|iPhoneSimulator.Build.0 = Release|Any CPU
		{9FCFF36B-5C45-4383-8802-684BD5F1055E}.Ad-Hoc|iPhoneSimulator.Deploy.0 = Release|Any CPU
		{9FCFF36B-5C45-4383-8802-684BD5F1055E}.Ad-Hoc|x64.ActiveCfg = Release|Any CPU
		{9FCFF36B-5C45-4383-8802-684BD5F1055E}.Ad-Hoc|x64.Build.0 = Release|Any CPU
		{9FCFF36B-5C45-4383-8802-684BD5F1055E}.Ad-Hoc|x64.Deploy.0 = Release|Any CPU
		{9FCFF36B-5C45-4383-8802-684BD5F1055E}.Ad-Hoc|x86.ActiveCfg = Release|Any CPU
		{9FCFF36B-5C45-4383-8802-684BD5F1055E}.Ad-Hoc|x86.Build.0 = Release|Any CPU
		{9FCFF36B-5C45-4383-8802-684BD5F1055E}.Ad-Hoc|x86.Deploy.0 = Release|Any CPU
		{9FCFF36B-5C45-4383-8802-684BD5F1055E}.AppStore|Any CPU.ActiveCfg = Release|Any CPU
		{9FCFF36B-5C45-4383-8802-684BD5F1055E}.AppStore|Any CPU.Build.0 = Release|Any CPU
		{9FCFF36B-5C45-4383-8802-684BD5F1055E}.AppStore|Any CPU.Deploy.0 = Release|Any CPU
		{9FCFF36B-5C45-4383-8802-684BD5F1055E}.AppStore|ARM.ActiveCfg = Release|Any CPU
		{9FCFF36B-5C45-4383-8802-684BD5F1055E}.AppStore|ARM.Build.0 = Release|Any CPU
		{9FCFF36B-5C45-4383-8802-684BD5F1055E}.AppStore|ARM.Deploy.0 = Release|Any CPU
		{9FCFF36B-5C45-4383-8802-684BD5F1055E}.AppStore|iPhone.ActiveCfg = Release|Any CPU
		{9FCFF36B-5C45-4383-8802-684BD5F1055E}.AppStore|iPhone.Build.0 = Release|Any CPU
		{9FCFF36B-5C45-4383-8802-684BD5F1055E}.AppStore|iPhone.Deploy.0 = Release|Any CPU
		{9FCFF36B-5C45-4383-8802-684BD5F1055E}.AppStore|iPhoneSimulator.ActiveCfg = Release|Any CPU
		{9FCFF36B-5C45-4383-8802-684BD5F1055E}.AppStore|iPhoneSimulator.Build.0 = Release|Any CPU
		{9FCFF36B-5C45-4383-8802-684BD5F1055E}.AppStore|iPhoneSimulator.Deploy.0 = Release|Any CPU
		{9FCFF36B-5C45-4383-8802-684BD5F1055E}.AppStore|x64.ActiveCfg = Release|Any CPU
		{9FCFF36B-5C45-4383-8802-684BD5F1055E}.AppStore|x64.Build.0 = Release|Any CPU
		{9FCFF36B-5C45-4383-8802-684BD5F1055E}.AppStore|x64.Deploy.0 = Release|Any CPU
		{9FCFF36B-5C45-4383-8802-684BD5F1055E}.AppStore|x86.ActiveCfg = Release|Any CPU
		{9FCFF36B-5C45-4383-8802-684BD5F1055E}.AppStore|x86.Build.0 = Release|Any CPU
		{9FCFF36B-5C45-4383-8802-684BD5F1055E}.AppStore|x86.Deploy.0 = Release|Any CPU
		{9FCFF36B-5C45-4383-8802-684BD5F1055E}.Debug|Any CPU.ActiveCfg = Debug|Any CPU
		{9FCFF36B-5C45-4383-8802-684BD5F1055E}.Debug|Any CPU.Build.0 = Debug|Any CPU
		{9FCFF36B-5C45-4383-8802-684BD5F1055E}.Debug|Any CPU.Deploy.0 = Debug|Any CPU
		{9FCFF36B-5C45-4383-8802-684BD5F1055E}.Debug|ARM.ActiveCfg = Debug|Any CPU
		{9FCFF36B-5C45-4383-8802-684BD5F1055E}.Debug|ARM.Build.0 = Debug|Any CPU
		{9FCFF36B-5C45-4383-8802-684BD5F1055E}.Debug|ARM.Deploy.0 = Debug|Any CPU
		{9FCFF36B-5C45-4383-8802-684BD5F1055E}.Debug|iPhone.ActiveCfg = Debug|Any CPU
		{9FCFF36B-5C45-4383-8802-684BD5F1055E}.Debug|iPhoneSimulator.ActiveCfg = Debug|Any CPU
		{9FCFF36B-5C45-4383-8802-684BD5F1055E}.Debug|iPhoneSimulator.Build.0 = Debug|Any CPU
		{9FCFF36B-5C45-4383-8802-684BD5F1055E}.Debug|iPhoneSimulator.Deploy.0 = Debug|Any CPU
		{9FCFF36B-5C45-4383-8802-684BD5F1055E}.Debug|x64.ActiveCfg = Debug|Any CPU
		{9FCFF36B-5C45-4383-8802-684BD5F1055E}.Debug|x64.Build.0 = Debug|Any CPU
		{9FCFF36B-5C45-4383-8802-684BD5F1055E}.Debug|x64.Deploy.0 = Debug|Any CPU
		{9FCFF36B-5C45-4383-8802-684BD5F1055E}.Debug|x86.ActiveCfg = Debug|Any CPU
		{9FCFF36B-5C45-4383-8802-684BD5F1055E}.Debug|x86.Build.0 = Debug|Any CPU
		{9FCFF36B-5C45-4383-8802-684BD5F1055E}.Debug|x86.Deploy.0 = Debug|Any CPU
		{9FCFF36B-5C45-4383-8802-684BD5F1055E}.Release|Any CPU.ActiveCfg = Release|Any CPU
		{9FCFF36B-5C45-4383-8802-684BD5F1055E}.Release|Any CPU.Build.0 = Release|Any CPU
		{9FCFF36B-5C45-4383-8802-684BD5F1055E}.Release|Any CPU.Deploy.0 = Release|Any CPU
		{9FCFF36B-5C45-4383-8802-684BD5F1055E}.Release|ARM.ActiveCfg = Release|Any CPU
		{9FCFF36B-5C45-4383-8802-684BD5F1055E}.Release|ARM.Build.0 = Release|Any CPU
		{9FCFF36B-5C45-4383-8802-684BD5F1055E}.Release|ARM.Deploy.0 = Release|Any CPU
		{9FCFF36B-5C45-4383-8802-684BD5F1055E}.Release|iPhone.ActiveCfg = Release|Any CPU
		{9FCFF36B-5C45-4383-8802-684BD5F1055E}.Release|iPhone.Build.0 = Release|Any CPU
		{9FCFF36B-5C45-4383-8802-684BD5F1055E}.Release|iPhone.Deploy.0 = Release|Any CPU
		{9FCFF36B-5C45-4383-8802-684BD5F1055E}.Release|iPhoneSimulator.ActiveCfg = Release|Any CPU
		{9FCFF36B-5C45-4383-8802-684BD5F1055E}.Release|iPhoneSimulator.Build.0 = Release|Any CPU
		{9FCFF36B-5C45-4383-8802-684BD5F1055E}.Release|iPhoneSimulator.Deploy.0 = Release|Any CPU
		{9FCFF36B-5C45-4383-8802-684BD5F1055E}.Release|x64.ActiveCfg = Release|Any CPU
		{9FCFF36B-5C45-4383-8802-684BD5F1055E}.Release|x64.Build.0 = Release|Any CPU
		{9FCFF36B-5C45-4383-8802-684BD5F1055E}.Release|x64.Deploy.0 = Release|Any CPU
		{9FCFF36B-5C45-4383-8802-684BD5F1055E}.Release|x86.ActiveCfg = Release|Any CPU
		{9FCFF36B-5C45-4383-8802-684BD5F1055E}.Release|x86.Build.0 = Release|Any CPU
		{9FCFF36B-5C45-4383-8802-684BD5F1055E}.Release|x86.Deploy.0 = Release|Any CPU
		{3BDDD038-B0A7-46E5-A59D-5DCADD4E6521}.Ad-Hoc|Any CPU.ActiveCfg = Ad-Hoc|iPhone
		{3BDDD038-B0A7-46E5-A59D-5DCADD4E6521}.Ad-Hoc|ARM.ActiveCfg = Ad-Hoc|iPhone
		{3BDDD038-B0A7-46E5-A59D-5DCADD4E6521}.Ad-Hoc|iPhone.ActiveCfg = Ad-Hoc|iPhone
		{3BDDD038-B0A7-46E5-A59D-5DCADD4E6521}.Ad-Hoc|iPhone.Build.0 = Ad-Hoc|iPhone
		{3BDDD038-B0A7-46E5-A59D-5DCADD4E6521}.Ad-Hoc|iPhoneSimulator.ActiveCfg = Ad-Hoc|iPhoneSimulator
		{3BDDD038-B0A7-46E5-A59D-5DCADD4E6521}.Ad-Hoc|iPhoneSimulator.Build.0 = Ad-Hoc|iPhoneSimulator
		{3BDDD038-B0A7-46E5-A59D-5DCADD4E6521}.Ad-Hoc|x64.ActiveCfg = Ad-Hoc|iPhone
		{3BDDD038-B0A7-46E5-A59D-5DCADD4E6521}.Ad-Hoc|x86.ActiveCfg = Ad-Hoc|iPhone
		{3BDDD038-B0A7-46E5-A59D-5DCADD4E6521}.AppStore|Any CPU.ActiveCfg = AppStore|iPhone
		{3BDDD038-B0A7-46E5-A59D-5DCADD4E6521}.AppStore|ARM.ActiveCfg = AppStore|iPhone
		{3BDDD038-B0A7-46E5-A59D-5DCADD4E6521}.AppStore|iPhone.ActiveCfg = AppStore|iPhone
		{3BDDD038-B0A7-46E5-A59D-5DCADD4E6521}.AppStore|iPhone.Build.0 = AppStore|iPhone
		{3BDDD038-B0A7-46E5-A59D-5DCADD4E6521}.AppStore|iPhoneSimulator.ActiveCfg = AppStore|iPhoneSimulator
		{3BDDD038-B0A7-46E5-A59D-5DCADD4E6521}.AppStore|iPhoneSimulator.Build.0 = AppStore|iPhoneSimulator
		{3BDDD038-B0A7-46E5-A59D-5DCADD4E6521}.AppStore|x64.ActiveCfg = AppStore|iPhone
		{3BDDD038-B0A7-46E5-A59D-5DCADD4E6521}.AppStore|x86.ActiveCfg = AppStore|iPhone
		{3BDDD038-B0A7-46E5-A59D-5DCADD4E6521}.Debug|Any CPU.ActiveCfg = Debug|iPhone
		{3BDDD038-B0A7-46E5-A59D-5DCADD4E6521}.Debug|ARM.ActiveCfg = Debug|iPhone
		{3BDDD038-B0A7-46E5-A59D-5DCADD4E6521}.Debug|iPhone.ActiveCfg = Debug|iPhone
		{3BDDD038-B0A7-46E5-A59D-5DCADD4E6521}.Debug|iPhone.Build.0 = Debug|iPhone
		{3BDDD038-B0A7-46E5-A59D-5DCADD4E6521}.Debug|iPhoneSimulator.ActiveCfg = Debug|iPhoneSimulator
		{3BDDD038-B0A7-46E5-A59D-5DCADD4E6521}.Debug|iPhoneSimulator.Build.0 = Debug|iPhoneSimulator
		{3BDDD038-B0A7-46E5-A59D-5DCADD4E6521}.Debug|x64.ActiveCfg = Debug|iPhone
		{3BDDD038-B0A7-46E5-A59D-5DCADD4E6521}.Debug|x86.ActiveCfg = Debug|iPhone
		{3BDDD038-B0A7-46E5-A59D-5DCADD4E6521}.Release|Any CPU.ActiveCfg = Release|iPhone
		{3BDDD038-B0A7-46E5-A59D-5DCADD4E6521}.Release|ARM.ActiveCfg = Release|iPhone
		{3BDDD038-B0A7-46E5-A59D-5DCADD4E6521}.Release|iPhone.ActiveCfg = Release|iPhone
		{3BDDD038-B0A7-46E5-A59D-5DCADD4E6521}.Release|iPhone.Build.0 = Release|iPhone
		{3BDDD038-B0A7-46E5-A59D-5DCADD4E6521}.Release|iPhoneSimulator.ActiveCfg = Release|iPhoneSimulator
		{3BDDD038-B0A7-46E5-A59D-5DCADD4E6521}.Release|iPhoneSimulator.Build.0 = Release|iPhoneSimulator
		{3BDDD038-B0A7-46E5-A59D-5DCADD4E6521}.Release|x64.ActiveCfg = Release|iPhone
		{3BDDD038-B0A7-46E5-A59D-5DCADD4E6521}.Release|x86.ActiveCfg = Release|iPhone
	EndGlobalSection
	GlobalSection(SolutionProperties) = preSolution
		HideSolutionNode = FALSE
	EndGlobalSection
EndGlobal
